<Solution>
  <Folder Name="/Build/">
    <File Path="Directory.Build.props" />
    <File Path="build/SharedVersion.props" />
    <File Path="build/SourceLink.props" />
  </Folder>
  <Project Path="src/Avalonia.Controls.TreeDataGrid/Avalonia.Controls.TreeDataGrid.csproj" />
  <Project Path="tests/Avalonia.Controls.TreeDataGrid.Tests/Avalonia.Controls.TreeDataGrid.Tests.csproj" />
  <Project Path="samples/TreeDataGridDemo/TreeDataGridDemo.csproj" />
</Solution>
